
Microsoft Visual Studio Solution File, Format Version 12.00
# Visual Studio 14
VisualStudioVersion = 14.0.23107.0
MinimumVisualStudioVersion = 10.0.40219.1
Project("{FAE04EC0-301F-11D3-BF4B-00C04F79EFBC}") = "ExcelPOC", "ExcelPOC\ExcelPOC.csproj", "{6FF4D10B-0C7E-41AC-B820-BD749A32F3CF}"
EndProject
Project("{FAE04EC0-301F-11D3-BF4B-00C04F79EFBC}") = "ExcelLibrary", "ExcelLibrary\ExcelLibrary.csproj", "{A80F67D0-3B73-47EB-98A4-B44E028440DA}"
EndProject
Global
	GlobalSection(SolutionConfigurationPlatforms) = preSolution
		Debug|Any CPU = Debug|Any CPU
		Release|Any CPU = Release|Any CPU
	EndGlobalSection
	GlobalSection(ProjectConfigurationPlatforms) = postSolution
		{6FF4D10B-0C7E-41AC-B820-BD749A32F3CF}.Debug|Any CPU.ActiveCfg = Debug|Any CPU
		{6FF4D10B-0C7E-41AC-B820-BD749A32F3CF}.Debug|Any CPU.Build.0 = Debug|Any CPU
		{6FF4D10B-0C7E-41AC-B820-BD749A32F3CF}.Release|Any CPU.ActiveCfg = Release|Any CPU
		{6FF4D10B-0C7E-41AC-B820-BD749A32F3CF}.Release|Any CPU.Build.0 = Release|Any CPU
		{A80F67D0-3B73-47EB-98A4-B44E028440DA}.Debug|Any CPU.ActiveCfg = Debug|Any CPU
		{A80F67D0-3B73-47EB-98A4-B44E028440DA}.Debug|Any CPU.Build.0 = Debug|Any CPU
		{A80F67D0-3B73-47EB-98A4-B44E028440DA}.Release|Any CPU.ActiveCfg = Release|Any CPU
		{A80F67D0-3B73-47EB-98A4-B44E028440DA}.Release|Any CPU.Build.0 = Release|Any CPU
	EndGlobalSection
	GlobalSection(SolutionProperties) = preSolution
		HideSolutionNode = FALSE
	EndGlobalSection
EndGlobal
